
Microsoft Visual Studio Solution File, Format Version 12.00
# Visual Studio Version 17
VisualStudioVersion = 17.6.33829.357
MinimumVisualStudioVersion = 10.0.40219.1
Project("{FAE04EC0-301F-11D3-BF4B-00C04F79EFBC}") = "RankingApp", "RankingApp\RankingApp.csproj", "{84B1CD8B-A0E8-459E-BDF2-8290B8BE2B45}"
EndProject
Global
	GlobalSection(SolutionConfigurationPlatforms) = preSolution
		Debug|Any CPU = Debug|Any CPU
		Release|Any CPU = Release|Any CPU
	EndGlobalSection
	GlobalSection(ProjectConfigurationPlatforms) = postSolution
		{84B1CD8B-A0E8-459E-BDF2-8290B8BE2B45}.Debug|Any CPU.ActiveCfg = Debug|Any CPU
		{84B1CD8B-A0E8-459E-BDF2-8290B8BE2B45}.Debug|Any CPU.Build.0 = Debug|Any CPU
		{84B1CD8B-A0E8-459E-BDF2-8290B8BE2B45}.Release|Any CPU.ActiveCfg = Release|Any CPU
		{84B1CD8B-A0E8-459E-BDF2-8290B8BE2B45}.Release|Any CPU.Build.0 = Release|Any CPU
	EndGlobalSection
	GlobalSection(SolutionProperties) = preSolution
		HideSolutionNode = FALSE
	EndGlobalSection
	GlobalSection(ExtensibilityGlobals) = postSolution
		SolutionGuid = {D2C55335-3A2B-4C14-8964-8B4CD4F112BA}
	EndGlobalSection
EndGlobal
